// !$*UTF8*$!
{
	archiveVersion = 1;
	classes = {
	};
	objectVersion = 50;
	objects = {

/* Begin PBXBuildFile section */
		79330ECD20FC6E3800D72B2A /* HomeViewController.swift in Sources */ = {isa = PBXBuildFile; fileRef = 79330ECC20FC6E3800D72B2A /* HomeViewController.swift */; };
		79330ECF20FC6E5800D72B2A /* FindFriendsViewController.swift in Sources */ = {isa = PBXBuildFile; fileRef = 79330ECE20FC6E5800D72B2A /* FindFriendsViewController.swift */; };
		793DE2A620F6A02500376BA4 /* GoogleService-Info.plist in Resources */ = {isa = PBXBuildFile; fileRef = 793DE2A520F6A02500376BA4 /* GoogleService-Info.plist */; };
		793DE2A920F6A5EA00376BA4 /* Login.storyboard in Resources */ = {isa = PBXBuildFile; fileRef = 793DE2A720F6A5EA00376BA4 /* Login.storyboard */; };
		793DE2AB20F6A68000376BA4 /* LoginViewController.swift in Sources */ = {isa = PBXBuildFile; fileRef = 793DE2AA20F6A68000376BA4 /* LoginViewController.swift */; };
		79420E0220F7C4F000AD4E29 /* User.swift in Sources */ = {isa = PBXBuildFile; fileRef = 79420E0120F7C4F000AD4E29 /* User.swift */; };
		79420E0420F7CA3300AD4E29 /* CreateUsernameViewController.swift in Sources */ = {isa = PBXBuildFile; fileRef = 79420E0320F7CA3300AD4E29 /* CreateUsernameViewController.swift */; };
		79420E0620F7CA6A00AD4E29 /* HomeViewController.storyboard in Resources */ = {isa = PBXBuildFile; fileRef = 79420E0520F7CA6A00AD4E29 /* HomeViewController.storyboard */; };
		79420E0820F7D8BB00AD4E29 /* UserService.swift in Sources */ = {isa = PBXBuildFile; fileRef = 79420E0720F7D8BB00AD4E29 /* UserService.swift */; };
		79436DB120F8825E00DA9BC0 /* Constants.swift in Sources */ = {isa = PBXBuildFile; fileRef = 79436DB020F8825E00DA9BC0 /* Constants.swift */; };
		79436DB320F8833D00DA9BC0 /* Storyboard+Utility.swift in Sources */ = {isa = PBXBuildFile; fileRef = 79436DB220F8833D00DA9BC0 /* Storyboard+Utility.swift */; };
		795CFA9B20F451EA002FC4C3 /* AppDelegate.swift in Sources */ = {isa = PBXBuildFile; fileRef = 795CFA9A20F451EA002FC4C3 /* AppDelegate.swift */; };
		795CFAA020F451EA002FC4C3 /* Main.storyboard in Resources */ = {isa = PBXBuildFile; fileRef = 795CFA9E20F451EA002FC4C3 /* Main.storyboard */; };
		795CFAA220F451EB002FC4C3 /* Assets.xcassets in Resources */ = {isa = PBXBuildFile; fileRef = 795CFAA120F451EB002FC4C3 /* Assets.xcassets */; };
		795CFAA520F451EB002FC4C3 /* LaunchScreen.storyboard in Resources */ = {isa = PBXBuildFile; fileRef = 795CFAA320F451EB002FC4C3 /* LaunchScreen.storyboard */; };
		7F5B2871D0354D71BA989BA4 /* Pods_Makestagram.framework in Frameworks */ = {isa = PBXBuildFile; fileRef = 6BDAABB691411BFDEEAA1C85 /* Pods_Makestagram.framework */; };
/* End PBXBuildFile section */

/* Begin PBXFileReference section */
		51E00E16353AC0F2B2719D5E /* Pods-Makestagram.release.xcconfig */ = {isa = PBXFileReference; includeInIndex = 1; lastKnownFileType = text.xcconfig; name = "Pods-Makestagram.release.xcconfig"; path = "Pods/Target Support Files/Pods-Makestagram/Pods-Makestagram.release.xcconfig"; sourceTree = "<group>"; };
		6BDAABB691411BFDEEAA1C85 /* Pods_Makestagram.framework */ = {isa = PBXFileReference; explicitFileType = wrapper.framework; includeInIndex = 0; path = Pods_Makestagram.framework; sourceTree = BUILT_PRODUCTS_DIR; };
		6FF3DECB08669031B2BB3454 /* Pods-Makestagram.debug.xcconfig */ = {isa = PBXFileReference; includeInIndex = 1; lastKnownFileType = text.xcconfig; name = "Pods-Makestagram.debug.xcconfig"; path = "Pods/Target Support Files/Pods-Makestagram/Pods-Makestagram.debug.xcconfig"; sourceTree = "<group>"; };
		79330ECC20FC6E3800D72B2A /* HomeViewController.swift */ = {isa = PBXFileReference; lastKnownFileType = sourcecode.swift; path = HomeViewController.swift; sourceTree = "<group>"; };
		79330ECE20FC6E5800D72B2A /* FindFriendsViewController.swift */ = {isa = PBXFileReference; lastKnownFileType = sourcecode.swift; path = FindFriendsViewController.swift; sourceTree = "<group>"; };
		793DE2A520F6A02500376BA4 /* GoogleService-Info.plist */ = {isa = PBXFileReference; fileEncoding = 4; lastKnownFileType = text.plist.xml; path = "GoogleService-Info.plist"; sourceTree = "<group>"; };
		793DE2A820F6A5EA00376BA4 /* Base */ = {isa = PBXFileReference; lastKnownFileType = file.storyboard; name = Base; path = Base.lproj/Login.storyboard; sourceTree = "<group>"; };
		793DE2AA20F6A68000376BA4 /* LoginViewController.swift */ = {isa = PBXFileReference; lastKnownFileType = sourcecode.swift; path = LoginViewController.swift; sourceTree = "<group>"; };
		79420E0120F7C4F000AD4E29 /* User.swift */ = {isa = PBXFileReference; lastKnownFileType = sourcecode.swift; path = User.swift; sourceTree = "<group>"; };
		79420E0320F7CA3300AD4E29 /* CreateUsernameViewController.swift */ = {isa = PBXFileReference; lastKnownFileType = sourcecode.swift; path = CreateUsernameViewController.swift; sourceTree = "<group>"; };
		79420E0520F7CA6A00AD4E29 /* HomeViewController.storyboard */ = {isa = PBXFileReference; lastKnownFileType = file.storyboard; path = HomeViewController.storyboard; sourceTree = "<group>"; };
		79420E0720F7D8BB00AD4E29 /* UserService.swift */ = {isa = PBXFileReference; lastKnownFileType = sourcecode.swift; path = UserService.swift; sourceTree = "<group>"; };
		79436DB020F8825E00DA9BC0 /* Constants.swift */ = {isa = PBXFileReference; lastKnownFileType = sourcecode.swift; path = Constants.swift; sourceTree = "<group>"; };
		79436DB220F8833D00DA9BC0 /* Storyboard+Utility.swift */ = {isa = PBXFileReference; lastKnownFileType = sourcecode.swift; path = "Storyboard+Utility.swift"; sourceTree = "<group>"; };
		795CFA9720F451EA002FC4C3 /* Makestagram.app */ = {isa = PBXFileReference; explicitFileType = wrapper.application; includeInIndex = 0; path = Makestagram.app; sourceTree = BUILT_PRODUCTS_DIR; };
		795CFA9A20F451EA002FC4C3 /* AppDelegate.swift */ = {isa = PBXFileReference; lastKnownFileType = sourcecode.swift; path = AppDelegate.swift; sourceTree = "<group>"; };
		795CFA9F20F451EA002FC4C3 /* Base */ = {isa = PBXFileReference; lastKnownFileType = file.storyboard; name = Base; path = Base.lproj/Main.storyboard; sourceTree = "<group>"; };
		795CFAA120F451EB002FC4C3 /* Assets.xcassets */ = {isa = PBXFileReference; lastKnownFileType = folder.assetcatalog; path = Assets.xcassets; sourceTree = "<group>"; };
		795CFAA420F451EB002FC4C3 /* Base */ = {isa = PBXFileReference; lastKnownFileType = file.storyboard; name = Base; path = Base.lproj/LaunchScreen.storyboard; sourceTree = "<group>"; };
		795CFAA620F451EB002FC4C3 /* Info.plist */ = {isa = PBXFileReference; lastKnownFileType = text.plist.xml; path = Info.plist; sourceTree = "<group>"; };
/* End PBXFileReference section */

/* Begin PBXFrameworksBuildPhase section */
		795CFA9420F451EA002FC4C3 /* Frameworks */ = {
			isa = PBXFrameworksBuildPhase;
			buildActionMask = 2147483647;
			files = (
				7F5B2871D0354D71BA989BA4 /* Pods_Makestagram.framework in Frameworks */,
			);
			runOnlyForDeploymentPostprocessing = 0;
		};
/* End PBXFrameworksBuildPhase section */

/* Begin PBXGroup section */
		07FE3E6831B0DEFFF59F6F68 /* Pods */ = {
			isa = PBXGroup;
			children = (
				6FF3DECB08669031B2BB3454 /* Pods-Makestagram.debug.xcconfig */,
				51E00E16353AC0F2B2719D5E /* Pods-Makestagram.release.xcconfig */,
			);
			name = Pods;
			sourceTree = "<group>";
		};
		2B00C903A33DA4FDC71CFE43 /* Frameworks */ = {
			isa = PBXGroup;
			children = (
				6BDAABB691411BFDEEAA1C85 /* Pods_Makestagram.framework */,
			);
			name = Frameworks;
			sourceTree = "<group>";
		};
		793DE29920F69EE600376BA4 /* Controllers */ = {
			isa = PBXGroup;
			children = (
				793DE2AA20F6A68000376BA4 /* LoginViewController.swift */,
				79420E0320F7CA3300AD4E29 /* CreateUsernameViewController.swift */,
				79330ECC20FC6E3800D72B2A /* HomeViewController.swift */,
				79330ECE20FC6E5800D72B2A /* FindFriendsViewController.swift */,
			);
			path = Controllers;
			sourceTree = "<group>";
		};
		793DE29A20F69EF000376BA4 /* Storyboards */ = {
			isa = PBXGroup;
			children = (
				795CFA9E20F451EA002FC4C3 /* Main.storyboard */,
				793DE2A720F6A5EA00376BA4 /* Login.storyboard */,
				79420E0520F7CA6A00AD4E29 /* HomeViewController.storyboard */,
				795CFAA320F451EB002FC4C3 /* LaunchScreen.storyboard */,
			);
			path = Storyboards;
			sourceTree = "<group>";
		};
		793DE29B20F69F0100376BA4 /* Extensions */ = {
			isa = PBXGroup;
			children = (
				79436DB220F8833D00DA9BC0 /* Storyboard+Utility.swift */,
			);
			path = Extensions;
			sourceTree = "<group>";
		};
		793DE29C20F69F0800376BA4 /* Helpers */ = {
			isa = PBXGroup;
			children = (
			);
			path = Helpers;
			sourceTree = "<group>";
		};
		793DE29D20F69F1300376BA4 /* Views */ = {
			isa = PBXGroup;
			children = (
			);
			path = Views;
			sourceTree = "<group>";
		};
		793DE29E20F69F2B00376BA4 /* Services */ = {
			isa = PBXGroup;
			children = (
				79420E0720F7D8BB00AD4E29 /* UserService.swift */,
			);
			path = Services;
			sourceTree = "<group>";
		};
		793DE29F20F69F3C00376BA4 /* Supporting */ = {
			isa = PBXGroup;
			children = (
				795CFAA620F451EB002FC4C3 /* Info.plist */,
				793DE2A520F6A02500376BA4 /* GoogleService-Info.plist */,
				79436DB020F8825E00DA9BC0 /* Constants.swift */,
			);
			path = Supporting;
			sourceTree = "<group>";
		};
		793DE2A020F69F4900376BA4 /* Models */ = {
			isa = PBXGroup;
			children = (
				79420E0120F7C4F000AD4E29 /* User.swift */,
			);
			path = Models;
			sourceTree = "<group>";
		};
		795CFA8E20F451EA002FC4C3 = {
			isa = PBXGroup;
			children = (
				795CFA9920F451EA002FC4C3 /* Makestagram */,
				795CFA9820F451EA002FC4C3 /* Products */,
				07FE3E6831B0DEFFF59F6F68 /* Pods */,
				2B00C903A33DA4FDC71CFE43 /* Frameworks */,
			);
			sourceTree = "<group>";
		};
		795CFA9820F451EA002FC4C3 /* Products */ = {
			isa = PBXGroup;
			children = (
				795CFA9720F451EA002FC4C3 /* Makestagram.app */,
			);
			name = Products;
			sourceTree = "<group>";
		};
		795CFA9920F451EA002FC4C3 /* Makestagram */ = {
			isa = PBXGroup;
			children = (
				795CFA9A20F451EA002FC4C3 /* AppDelegate.swift */,
				793DE29920F69EE600376BA4 /* Controllers */,
				793DE29D20F69F1300376BA4 /* Views */,
				793DE29A20F69EF000376BA4 /* Storyboards */,
				793DE29E20F69F2B00376BA4 /* Services */,
				793DE2A020F69F4900376BA4 /* Models */,
				793DE29B20F69F0100376BA4 /* Extensions */,
				793DE29F20F69F3C00376BA4 /* Supporting */,
				793DE29C20F69F0800376BA4 /* Helpers */,
				795CFAA120F451EB002FC4C3 /* Assets.xcassets */,
			);
			path = Makestagram;
			sourceTree = "<group>";
		};
/* End PBXGroup section */

/* Begin PBXNativeTarget section */
		795CFA9620F451EA002FC4C3 /* Makestagram */ = {
			isa = PBXNativeTarget;
			buildConfigurationList = 795CFAA920F451EB002FC4C3 /* Build configuration list for PBXNativeTarget "Makestagram" */;
			buildPhases = (
				39784801DCA0F3FD5C04079D /* [CP] Check Pods Manifest.lock */,
				795CFA9320F451EA002FC4C3 /* Sources */,
				795CFA9420F451EA002FC4C3 /* Frameworks */,
				795CFA9520F451EA002FC4C3 /* Resources */,
				2FA5762B2DA0B1CCE9AB0B09 /* [CP] Embed Pods Frameworks */,
				343744A75A7C496D996D8F06 /* [CP] Copy Pods Resources */,
			);
			buildRules = (
			);
			dependencies = (
			);
			name = Makestagram;
			productName = Makestagram;
			productReference = 795CFA9720F451EA002FC4C3 /* Makestagram.app */;
			productType = "com.apple.product-type.application";
		};
/* End PBXNativeTarget section */

/* Begin PBXProject section */
		795CFA8F20F451EA002FC4C3 /* Project object */ = {
			isa = PBXProject;
			attributes = {
				LastSwiftUpdateCheck = 0940;
				LastUpgradeCheck = 0940;
				ORGANIZATIONNAME = MakeSchool;
				TargetAttributes = {
					795CFA9620F451EA002FC4C3 = {
						CreatedOnToolsVersion = 9.4.1;
					};
				};
			};
			buildConfigurationList = 795CFA9220F451EA002FC4C3 /* Build configuration list for PBXProject "Makestagram" */;
			compatibilityVersion = "Xcode 9.3";
			developmentRegion = en;
			hasScannedForEncodings = 0;
			knownRegions = (
				en,
				Base,
			);
			mainGroup = 795CFA8E20F451EA002FC4C3;
			productRefGroup = 795CFA9820F451EA002FC4C3 /* Products */;
			projectDirPath = "";
			projectRoot = "";
			targets = (
				795CFA9620F451EA002FC4C3 /* Makestagram */,
			);
		};
/* End PBXProject section */

/* Begin PBXResourcesBuildPhase section */
		795CFA9520F451EA002FC4C3 /* Resources */ = {
			isa = PBXResourcesBuildPhase;
			buildActionMask = 2147483647;
			files = (
				795CFAA520F451EB002FC4C3 /* LaunchScreen.storyboard in Resources */,
				793DE2A620F6A02500376BA4 /* GoogleService-Info.plist in Resources */,
				795CFAA220F451EB002FC4C3 /* Assets.xcassets in Resources */,
				793DE2A920F6A5EA00376BA4 /* Login.storyboard in Resources */,
				79420E0620F7CA6A00AD4E29 /* HomeViewController.storyboard in Resources */,
				795CFAA020F451EA002FC4C3 /* Main.storyboard in Resources */,
			);
			runOnlyForDeploymentPostprocessing = 0;
		};
/* End PBXResourcesBuildPhase section */

/* Begin PBXShellScriptBuildPhase section */
		2FA5762B2DA0B1CCE9AB0B09 /* [CP] Embed Pods Frameworks */ = {
			isa = PBXShellScriptBuildPhase;
			buildActionMask = 2147483647;
			files = (
			);
			inputPaths = (
				"${SRCROOT}/Pods/Target Support Files/Pods-Makestagram/Pods-Makestagram-frameworks.sh",
				"${BUILT_PRODUCTS_DIR}/GTMSessionFetcher/GTMSessionFetcher.framework",
				"${BUILT_PRODUCTS_DIR}/GoogleToolboxForMac/GoogleToolboxForMac.framework",
				"${BUILT_PRODUCTS_DIR}/leveldb-library/leveldb.framework",
				"${BUILT_PRODUCTS_DIR}/nanopb/nanopb.framework",
			);
			name = "[CP] Embed Pods Frameworks";
			outputPaths = (
				"${TARGET_BUILD_DIR}/${FRAMEWORKS_FOLDER_PATH}/GTMSessionFetcher.framework",
				"${TARGET_BUILD_DIR}/${FRAMEWORKS_FOLDER_PATH}/GoogleToolboxForMac.framework",
				"${TARGET_BUILD_DIR}/${FRAMEWORKS_FOLDER_PATH}/leveldb.framework",
				"${TARGET_BUILD_DIR}/${FRAMEWORKS_FOLDER_PATH}/nanopb.framework",
			);
			runOnlyForDeploymentPostprocessing = 0;
			shellPath = /bin/sh;
			shellScript = "\"${SRCROOT}/Pods/Target Support Files/Pods-Makestagram/Pods-Makestagram-frameworks.sh\"\n";
			showEnvVarsInLog = 0;
		};
		343744A75A7C496D996D8F06 /* [CP] Copy Pods Resources */ = {
			isa = PBXShellScriptBuildPhase;
			buildActionMask = 2147483647;
			files = (
			);
			inputPaths = (
				"${SRCROOT}/Pods/Target Support Files/Pods-Makestagram/Pods-Makestagram-resources.sh",
				"${PODS_CONFIGURATION_BUILD_DIR}/FirebaseUI/FirebaseAuthUI.bundle",
			);
			name = "[CP] Copy Pods Resources";
			outputPaths = (
				"${TARGET_BUILD_DIR}/${UNLOCALIZED_RESOURCES_FOLDER_PATH}/FirebaseAuthUI.bundle",
			);
			runOnlyForDeploymentPostprocessing = 0;
			shellPath = /bin/sh;
			shellScript = "\"${SRCROOT}/Pods/Target Support Files/Pods-Makestagram/Pods-Makestagram-resources.sh\"\n";
			showEnvVarsInLog = 0;
		};
		39784801DCA0F3FD5C04079D /* [CP] Check Pods Manifest.lock */ = {
			isa = PBXShellScriptBuildPhase;
			buildActionMask = 2147483647;
			files = (
			);
			inputPaths = (
				"${PODS_PODFILE_DIR_PATH}/Podfile.lock",
				"${PODS_ROOT}/Manifest.lock",
			);
			name = "[CP] Check Pods Manifest.lock";
			outputPaths = (
				"$(DERIVED_FILE_DIR)/Pods-Makestagram-checkManifestLockResult.txt",
			);
			runOnlyForDeploymentPostprocessing = 0;
			shellPath = /bin/sh;
			shellScript = "diff \"${PODS_PODFILE_DIR_PATH}/Podfile.lock\" \"${PODS_ROOT}/Manifest.lock\" > /dev/null\nif [ $? != 0 ] ; then\n    # print error to STDERR\n    echo \"error: The sandbox is not in sync with the Podfile.lock. Run 'pod install' or update your CocoaPods installation.\" >&2\n    exit 1\nfi\n# This output is used by Xcode 'outputs' to avoid re-running this script phase.\necho \"SUCCESS\" > \"${SCRIPT_OUTPUT_FILE_0}\"\n";
			showEnvVarsInLog = 0;
		};
/* End PBXShellScriptBuildPhase section */

/* Begin PBXSourcesBuildPhase section */
		795CFA9320F451EA002FC4C3 /* Sources */ = {
			isa = PBXSourcesBuildPhase;
			buildActionMask = 2147483647;
			files = (
				79420E0420F7CA3300AD4E29 /* CreateUsernameViewController.swift in Sources */,
				79420E0220F7C4F000AD4E29 /* User.swift in Sources */,
				79420E0820F7D8BB00AD4E29 /* UserService.swift in Sources */,
				79436DB320F8833D00DA9BC0 /* Storyboard+Utility.swift in Sources */,
				793DE2AB20F6A68000376BA4 /* LoginViewController.swift in Sources */,
				79330ECD20FC6E3800D72B2A /* HomeViewController.swift in Sources */,
				79436DB120F8825E00DA9BC0 /* Constants.swift in Sources */,
				79330ECF20FC6E5800D72B2A /* FindFriendsViewController.swift in Sources */,
				795CFA9B20F451EA002FC4C3 /* AppDelegate.swift in Sources */,
			);
			runOnlyForDeploymentPostprocessing = 0;
		};
/* End PBXSourcesBuildPhase section */

/* Begin PBXVariantGroup section */
		793DE2A720F6A5EA00376BA4 /* Login.storyboard */ = {
			isa = PBXVariantGroup;
			children = (
				793DE2A820F6A5EA00376BA4 /* Base */,
			);
			name = Login.storyboard;
			sourceTree = "<group>";
		};
		795CFA9E20F451EA002FC4C3 /* Main.storyboard */ = {
			isa = PBXVariantGroup;
			children = (
				795CFA9F20F451EA002FC4C3 /* Base */,
			);
			name = Main.storyboard;
			sourceTree = "<group>";
		};
		795CFAA320F451EB002FC4C3 /* LaunchScreen.storyboard */ = {
			isa = PBXVariantGroup;
			children = (
				795CFAA420F451EB002FC4C3 /* Base */,
			);
			name = LaunchScreen.storyboard;
			sourceTree = "<group>";
		};
/* End PBXVariantGroup section */

/* Begin XCBuildConfiguration section */
		795CFAA720F451EB002FC4C3 /* Debug */ = {
			isa = XCBuildConfiguration;
			buildSettings = {
				ALWAYS_SEARCH_USER_PATHS = NO;
				CLANG_ANALYZER_NONNULL = YES;
				CLANG_ANALYZER_NUMBER_OBJECT_CONVERSION = YES_AGGRESSIVE;
				CLANG_CXX_LANGUAGE_STANDARD = "gnu++14";
				CLANG_CXX_LIBRARY = "libc++";
				CLANG_ENABLE_MODULES = YES;
				CLANG_ENABLE_OBJC_ARC = YES;
				CLANG_ENABLE_OBJC_WEAK = YES;
				CLANG_WARN_BLOCK_CAPTURE_AUTORELEASING = YES;
				CLANG_WARN_BOOL_CONVERSION = YES;
				CLANG_WARN_COMMA = YES;
				CLANG_WARN_CONSTANT_CONVERSION = YES;
				CLANG_WARN_DEPRECATED_OBJC_IMPLEMENTATIONS = YES;
				CLANG_WARN_DIRECT_OBJC_ISA_USAGE = YES_ERROR;
				CLANG_WARN_DOCUMENTATION_COMMENTS = YES;
				CLANG_WARN_EMPTY_BODY = YES;
				CLANG_WARN_ENUM_CONVERSION = YES;
				CLANG_WARN_INFINITE_RECURSION = YES;
				CLANG_WARN_INT_CONVERSION = YES;
				CLANG_WARN_NON_LITERAL_NULL_CONVERSION = YES;
				CLANG_WARN_OBJC_IMPLICIT_RETAIN_SELF = YES;
				CLANG_WARN_OBJC_LITERAL_CONVERSION = YES;
				CLANG_WARN_OBJC_ROOT_CLASS = YES_ERROR;
				CLANG_WARN_RANGE_LOOP_ANALYSIS = YES;
				CLANG_WARN_STRICT_PROTOTYPES = YES;
				CLANG_WARN_SUSPICIOUS_MOVE = YES;
				CLANG_WARN_UNGUARDED_AVAILABILITY = YES_AGGRESSIVE;
				CLANG_WARN_UNREACHABLE_CODE = YES;
				CLANG_WARN__DUPLICATE_METHOD_MATCH = YES;
				CODE_SIGN_IDENTITY = "iPhone Developer";
				COPY_PHASE_STRIP = NO;
				DEBUG_INFORMATION_FORMAT = dwarf;
				ENABLE_STRICT_OBJC_MSGSEND = YES;
				ENABLE_TESTABILITY = YES;
				GCC_C_LANGUAGE_STANDARD = gnu11;
				GCC_DYNAMIC_NO_PIC = NO;
				GCC_NO_COMMON_BLOCKS = YES;
				GCC_OPTIMIZATION_LEVEL = 0;
				GCC_PREPROCESSOR_DEFINITIONS = (
					"DEBUG=1",
					"$(inherited)",
				);
				GCC_WARN_64_TO_32_BIT_CONVERSION = YES;
				GCC_WARN_ABOUT_RETURN_TYPE = YES_ERROR;
				GCC_WARN_UNDECLARED_SELECTOR = YES;
				GCC_WARN_UNINITIALIZED_AUTOS = YES_AGGRESSIVE;
				GCC_WARN_UNUSED_FUNCTION = YES;
				GCC_WARN_UNUSED_VARIABLE = YES;
				IPHONEOS_DEPLOYMENT_TARGET = 11.4;
				MTL_ENABLE_DEBUG_INFO = YES;
				ONLY_ACTIVE_ARCH = YES;
				SDKROOT = iphoneos;
				SWIFT_ACTIVE_COMPILATION_CONDITIONS = DEBUG;
				SWIFT_OPTIMIZATION_LEVEL = "-Onone";
			};
			name = Debug;
		};
		795CFAA820F451EB002FC4C3 /* Release */ = {
			isa = XCBuildConfiguration;
			buildSettings = {
				ALWAYS_SEARCH_USER_PATHS = NO;
				CLANG_ANALYZER_NONNULL = YES;
				CLANG_ANALYZER_NUMBER_OBJECT_CONVERSION = YES_AGGRESSIVE;
				CLANG_CXX_LANGUAGE_STANDARD = "gnu++14";
				CLANG_CXX_LIBRARY = "libc++";
				CLANG_ENABLE_MODULES = YES;
				CLANG_ENABLE_OBJC_ARC = YES;
				CLANG_ENABLE_OBJC_WEAK = YES;
				CLANG_WARN_BLOCK_CAPTURE_AUTORELEASING = YES;
				CLANG_WARN_BOOL_CONVERSION = YES;
				CLANG_WARN_COMMA = YES;
				CLANG_WARN_CONSTANT_CONVERSION = YES;
				CLANG_WARN_DEPRECATED_OBJC_IMPLEMENTATIONS = YES;
				CLANG_WARN_DIRECT_OBJC_ISA_USAGE = YES_ERROR;
				CLANG_WARN_DOCUMENTATION_COMMENTS = YES;
				CLANG_WARN_EMPTY_BODY = YES;
				CLANG_WARN_ENUM_CONVERSION = YES;
				CLANG_WARN_INFINITE_RECURSION = YES;
				CLANG_WARN_INT_CONVERSION = YES;
				CLANG_WARN_NON_LITERAL_NULL_CONVERSION = YES;
				CLANG_WARN_OBJC_IMPLICIT_RETAIN_SELF = YES;
				CLANG_WARN_OBJC_LITERAL_CONVERSION = YES;
				CLANG_WARN_OBJC_ROOT_CLASS = YES_ERROR;
				CLANG_WARN_RANGE_LOOP_ANALYSIS = YES;
				CLANG_WARN_STRICT_PROTOTYPES = YES;
				CLANG_WARN_SUSPICIOUS_MOVE = YES;
				CLANG_WARN_UNGUARDED_AVAILABILITY = YES_AGGRESSIVE;
				CLANG_WARN_UNREACHABLE_CODE = YES;
				CLANG_WARN__DUPLICATE_METHOD_MATCH = YES;
				CODE_SIGN_IDENTITY = "iPhone Developer";
				COPY_PHASE_STRIP = NO;
				DEBUG_INFORMATION_FORMAT = "dwarf-with-dsym";
				ENABLE_NS_ASSERTIONS = NO;
				ENABLE_STRICT_OBJC_MSGSEND = YES;
				GCC_C_LANGUAGE_STANDARD = gnu11;
				GCC_NO_COMMON_BLOCKS = YES;
				GCC_WARN_64_TO_32_BIT_CONVERSION = YES;
				GCC_WARN_ABOUT_RETURN_TYPE = YES_ERROR;
				GCC_WARN_UNDECLARED_SELECTOR = YES;
				GCC_WARN_UNINITIALIZED_AUTOS = YES_AGGRESSIVE;
				GCC_WARN_UNUSED_FUNCTION = YES;
				GCC_WARN_UNUSED_VARIABLE = YES;
				IPHONEOS_DEPLOYMENT_TARGET = 11.4;
				MTL_ENABLE_DEBUG_INFO = NO;
				SDKROOT = iphoneos;
				SWIFT_COMPILATION_MODE = wholemodule;
				SWIFT_OPTIMIZATION_LEVEL = "-O";
				VALIDATE_PRODUCT = YES;
			};
			name = Release;
		};
		795CFAAA20F451EB002FC4C3 /* Debug */ = {
			isa = XCBuildConfiguration;
			baseConfigurationReference = 6FF3DECB08669031B2BB3454 /* Pods-Makestagram.debug.xcconfig */;
			buildSettings = {
				ASSETCATALOG_COMPILER_APPICON_NAME = AppIcon;
				CODE_SIGN_STYLE = Automatic;
				INFOPLIST_FILE = "$(SRCROOT)/Makestagram/Supporting/Info.plist";
				LD_RUNPATH_SEARCH_PATHS = (
					"$(inherited)",
					"@executable_path/Frameworks",
				);
				PRODUCT_BUNDLE_IDENTIFIER = com.PeiQin.Makestagram;
				PRODUCT_NAME = "$(TARGET_NAME)";
				SWIFT_VERSION = 4.0;
				TARGETED_DEVICE_FAMILY = "1,2";
			};
			name = Debug;
		};
		795CFAAB20F451EB002FC4C3 /* Release */ = {
			isa = XCBuildConfiguration;
			baseConfigurationReference = 51E00E16353AC0F2B2719D5E /* Pods-Makestagram.release.xcconfig */;
			buildSettings = {
				ASSETCATALOG_COMPILER_APPICON_NAME = AppIcon;
				CODE_SIGN_STYLE = Automatic;
				INFOPLIST_FILE = "$(SRCROOT)/Makestagram/Supporting/Info.plist";
				LD_RUNPATH_SEARCH_PATHS = (
					"$(inherited)",
					"@executable_path/Frameworks",
				);
				PRODUCT_BUNDLE_IDENTIFIER = com.PeiQin.Makestagram;
				PRODUCT_NAME = "$(TARGET_NAME)";
				SWIFT_VERSION = 4.0;
				TARGETED_DEVICE_FAMILY = "1,2";
			};
			name = Release;
		};
/* End XCBuildConfiguration section */

/* Begin XCConfigurationList section */
		795CFA9220F451EA002FC4C3 /* Build configuration list for PBXProject "Makestagram" */ = {
			isa = XCConfigurationList;
			buildConfigurations = (
				795CFAA720F451EB002FC4C3 /* Debug */,
				795CFAA820F451EB002FC4C3 /* Release */,
			);
			defaultConfigurationIsVisible = 0;
			defaultConfigurationName = Release;
		};
		795CFAA920F451EB002FC4C3 /* Build configuration list for PBXNativeTarget "Makestagram" */ = {
			isa = XCConfigurationList;
			buildConfigurations = (
				795CFAAA20F451EB002FC4C3 /* Debug */,
				795CFAAB20F451EB002FC4C3 /* Release */,
			);
			defaultConfigurationIsVisible = 0;
			defaultConfigurationName = Release;
		};
/* End XCConfigurationList section */
	};
	rootObject = 795CFA8F20F451EA002FC4C3 /* Project object */;
}
